
Microsoft Visual Studio Solution File, Format Version 12.00
# Visual Studio Version 17
VisualStudioVersion = 17.14.36408.4 d17.14
MinimumVisualStudioVersion = 10.0.40219.1
Project("{FAE04EC0-301F-11D3-BF4B-00C04F79EFBC}") = "SyllabusManagement", "SyllabusManagement\SyllabusManagement.csproj", "{B835F6FF-BEE6-4EAE-98A9-60C581C216A2}"
EndProject
Global
	GlobalSection(SolutionConfigurationPlatforms) = preSolution
		Debug|Any CPU = Debug|Any CPU
		Release|Any CPU = Release|Any CPU
	EndGlobalSection
	GlobalSection(ProjectConfigurationPlatforms) = postSolution
		{B835F6FF-BEE6-4EAE-98A9-60C581C216A2}.Debug|Any CPU.ActiveCfg = Debug|Any CPU
		{B835F6FF-BEE6-4EAE-98A9-60C581C216A2}.Debug|Any CPU.Build.0 = Debug|Any CPU
		{B835F6FF-BEE6-4EAE-98A9-60C581C216A2}.Release|Any CPU.ActiveCfg = Release|Any CPU
		{B835F6FF-BEE6-4EAE-98A9-60C581C216A2}.Release|Any CPU.Build.0 = Release|Any CPU
	EndGlobalSection
	GlobalSection(SolutionProperties) = preSolution
		HideSolutionNode = FALSE
	EndGlobalSection
	GlobalSection(ExtensibilityGlobals) = postSolution
		SolutionGuid = {6BB0F6C7-124B-4DF1-A16F-6EFDD62B2ECD}
	EndGlobalSection
EndGlobal
